// !$*UTF8*$!
{
	archiveVersion = 1;
	classes = {
	};
	objectVersion = 46;
	objects = {

/* Begin PBXBuildFile section */
		CB0F1A131BA9B9AC0072406A /* AppDelegate.swift in Sources */ = {isa = PBXBuildFile; fileRef = CB0F1A121BA9B9AC0072406A /* AppDelegate.swift */; };
		CB0F1A151BA9B9AC0072406A /* ViewController.swift in Sources */ = {isa = PBXBuildFile; fileRef = CB0F1A141BA9B9AC0072406A /* ViewController.swift */; };
		CB0F1A181BA9B9AC0072406A /* Main.storyboard in Resources */ = {isa = PBXBuildFile; fileRef = CB0F1A161BA9B9AC0072406A /* Main.storyboard */; };
		CB0F1A1A1BA9B9AC0072406A /* Images.xcassets in Resources */ = {isa = PBXBuildFile; fileRef = CB0F1A191BA9B9AC0072406A /* Images.xcassets */; };
		CB0F1A1D1BA9B9AC0072406A /* LaunchScreen.xib in Resources */ = {isa = PBXBuildFile; fileRef = CB0F1A1B1BA9B9AC0072406A /* LaunchScreen.xib */; };
		CB0F1A291BA9B9AC0072406A /* largestProductInASeriesTests.swift in Sources */ = {isa = PBXBuildFile; fileRef = CB0F1A281BA9B9AC0072406A /* largestProductInASeriesTests.swift */; };
		CB0F1A331BA9BB5A0072406A /* Algorithm.swift in Sources */ = {isa = PBXBuildFile; fileRef = CB0F1A321BA9BB5A0072406A /* Algorithm.swift */; };
		CB0F1A381BA9BEDE0072406A /* AlgorithmTest.swift in Sources */ = {isa = PBXBuildFile; fileRef = CB0F1A341BA9BBCA0072406A /* AlgorithmTest.swift */; };
		CB7C09891BA9C084000CFF0B /* Algorithm.swift in Sources */ = {isa = PBXBuildFile; fileRef = CB0F1A321BA9BB5A0072406A /* Algorithm.swift */; };
/* End PBXBuildFile section */

/* Begin PBXContainerItemProxy section */
		CB0F1A231BA9B9AC0072406A /* PBXContainerItemProxy */ = {
			isa = PBXContainerItemProxy;
			containerPortal = CB0F1A051BA9B9AC0072406A /* Project object */;
			proxyType = 1;
			remoteGlobalIDString = CB0F1A0C1BA9B9AC0072406A;
			remoteInfo = largestProductInASeries;
		};
/* End PBXContainerItemProxy section */

/* Begin PBXFileReference section */
		CB0F1A0D1BA9B9AC0072406A /* largestProductInASeries.app */ = {isa = PBXFileReference; explicitFileType = wrapper.application; includeInIndex = 0; path = largestProductInASeries.app; sourceTree = BUILT_PRODUCTS_DIR; };
		CB0F1A111BA9B9AC0072406A /* Info.plist */ = {isa = PBXFileReference; lastKnownFileType = text.plist.xml; path = Info.plist; sourceTree = "<group>"; };
		CB0F1A121BA9B9AC0072406A /* AppDelegate.swift */ = {isa = PBXFileReference; lastKnownFileType = sourcecode.swift; path = AppDelegate.swift; sourceTree = "<group>"; };
		CB0F1A141BA9B9AC0072406A /* ViewController.swift */ = {isa = PBXFileReference; lastKnownFileType = sourcecode.swift; path = ViewController.swift; sourceTree = "<group>"; };
		CB0F1A171BA9B9AC0072406A /* Base */ = {isa = PBXFileReference; lastKnownFileType = file.storyboard; name = Base; path = Base.lproj/Main.storyboard; sourceTree = "<group>"; };
		CB0F1A191BA9B9AC0072406A /* Images.xcassets */ = {isa = PBXFileReference; lastKnownFileType = folder.assetcatalog; path = Images.xcassets; sourceTree = "<group>"; };
		CB0F1A1C1BA9B9AC0072406A /* Base */ = {isa = PBXFileReference; lastKnownFileType = file.xib; name = Base; path = Base.lproj/LaunchScreen.xib; sourceTree = "<group>"; };
		CB0F1A221BA9B9AC0072406A /* largestProductInASeriesTests.xctest */ = {isa = PBXFileReference; explicitFileType = wrapper.cfbundle; includeInIndex = 0; path = largestProductInASeriesTests.xctest; sourceTree = BUILT_PRODUCTS_DIR; };
		CB0F1A271BA9B9AC0072406A /* Info.plist */ = {isa = PBXFileReference; lastKnownFileType = text.plist.xml; path = Info.plist; sourceTree = "<group>"; };
		CB0F1A281BA9B9AC0072406A /* largestProductInASeriesTests.swift */ = {isa = PBXFileReference; lastKnownFileType = sourcecode.swift; path = largestProductInASeriesTests.swift; sourceTree = "<group>"; };
		CB0F1A321BA9BB5A0072406A /* Algorithm.swift */ = {isa = PBXFileReference; fileEncoding = 4; lastKnownFileType = sourcecode.swift; path = Algorithm.swift; sourceTree = "<group>"; };
		CB0F1A341BA9BBCA0072406A /* AlgorithmTest.swift */ = {isa = PBXFileReference; fileEncoding = 4; lastKnownFileType = sourcecode.swift; path = AlgorithmTest.swift; sourceTree = "<group>"; };
		CB5651A51BAB0CD700DA4443 /* MyPlayground.playground */ = {isa = PBXFileReference; lastKnownFileType = file.playground; path = MyPlayground.playground; sourceTree = "<group>"; };
/* End PBXFileReference section */

/* Begin PBXFrameworksBuildPhase section */
		CB0F1A0A1BA9B9AC0072406A /* Frameworks */ = {
			isa = PBXFrameworksBuildPhase;
			buildActionMask = 2147483647;
			files = (
			);
			runOnlyForDeploymentPostprocessing = 0;
		};
		CB0F1A1F1BA9B9AC0072406A /* Frameworks */ = {
			isa = PBXFrameworksBuildPhase;
			buildActionMask = 2147483647;
			files = (
			);
			runOnlyForDeploymentPostprocessing = 0;
		};
/* End PBXFrameworksBuildPhase section */

/* Begin PBXGroup section */
		CB0F1A041BA9B9AC0072406A = {
			isa = PBXGroup;
			children = (
				CB0F1A0F1BA9B9AC0072406A /* largestProductInASeries */,
				CB0F1A251BA9B9AC0072406A /* largestProductInASeriesTests */,
				CB0F1A0E1BA9B9AC0072406A /* Products */,
			);
			sourceTree = "<group>";
		};
		CB0F1A0E1BA9B9AC0072406A /* Products */ = {
			isa = PBXGroup;
			children = (
				CB0F1A0D1BA9B9AC0072406A /* largestProductInASeries.app */,
				CB0F1A221BA9B9AC0072406A /* largestProductInASeriesTests.xctest */,
			);
			name = Products;
			sourceTree = "<group>";
		};
		CB0F1A0F1BA9B9AC0072406A /* largestProductInASeries */ = {
			isa = PBXGroup;
			children = (
				CB0F1A121BA9B9AC0072406A /* AppDelegate.swift */,
				CB0F1A141BA9B9AC0072406A /* ViewController.swift */,
				CB0F1A161BA9B9AC0072406A /* Main.storyboard */,
				CB0F1A191BA9B9AC0072406A /* Images.xcassets */,
				CB0F1A1B1BA9B9AC0072406A /* LaunchScreen.xib */,
				CB0F1A101BA9B9AC0072406A /* Supporting Files */,
				CB0F1A321BA9BB5A0072406A /* Algorithm.swift */,
				CB5651A51BAB0CD700DA4443 /* MyPlayground.playground */,
			);
			path = largestProductInASeries;
			sourceTree = "<group>";
		};
		CB0F1A101BA9B9AC0072406A /* Supporting Files */ = {
			isa = PBXGroup;
			children = (
				CB0F1A111BA9B9AC0072406A /* Info.plist */,
			);
			name = "Supporting Files";
			sourceTree = "<group>";
		};
		CB0F1A251BA9B9AC0072406A /* largestProductInASeriesTests */ = {
			isa = PBXGroup;
			children = (
				CB0F1A341BA9BBCA0072406A /* AlgorithmTest.swift */,
				CB0F1A281BA9B9AC0072406A /* largestProductInASeriesTests.swift */,
				CB0F1A261BA9B9AC0072406A /* Supporting Files */,
			);
			path = largestProductInASeriesTests;
			sourceTree = "<group>";
		};
		CB0F1A261BA9B9AC0072406A /* Supporting Files */ = {
			isa = PBXGroup;
			children = (
				CB0F1A271BA9B9AC0072406A /* Info.plist */,
			);
			name = "Supporting Files";
			sourceTree = "<group>";
		};
/* End PBXGroup section */

/* Begin PBXNativeTarget section */
		CB0F1A0C1BA9B9AC0072406A /* largestProductInASeries */ = {
			isa = PBXNativeTarget;
			buildConfigurationList = CB0F1A2C1BA9B9AC0072406A /* Build configuration list for PBXNativeTarget "largestProductInASeries" */;
			buildPhases = (
				CB0F1A091BA9B9AC0072406A /* Sources */,
				CB0F1A0A1BA9B9AC0072406A /* Frameworks */,
				CB0F1A0B1BA9B9AC0072406A /* Resources */,
			);
			buildRules = (
			);
			dependencies = (
			);
			name = largestProductInASeries;
			productName = largestProductInASeries;
			productReference = CB0F1A0D1BA9B9AC0072406A /* largestProductInASeries.app */;
			productType = "com.apple.product-type.application";
		};
		CB0F1A211BA9B9AC0072406A /* largestProductInASeriesTests */ = {
			isa = PBXNativeTarget;
			buildConfigurationList = CB0F1A2F1BA9B9AC0072406A /* Build configuration list for PBXNativeTarget "largestProductInASeriesTests" */;
			buildPhases = (
				CB0F1A1E1BA9B9AC0072406A /* Sources */,
				CB0F1A1F1BA9B9AC0072406A /* Frameworks */,
				CB0F1A201BA9B9AC0072406A /* Resources */,
			);
			buildRules = (
			);
			dependencies = (
				CB0F1A241BA9B9AC0072406A /* PBXTargetDependency */,
			);
			name = largestProductInASeriesTests;
			productName = largestProductInASeriesTests;
			productReference = CB0F1A221BA9B9AC0072406A /* largestProductInASeriesTests.xctest */;
			productType = "com.apple.product-type.bundle.unit-test";
		};
/* End PBXNativeTarget section */

/* Begin PBXProject section */
		CB0F1A051BA9B9AC0072406A /* Project object */ = {
			isa = PBXProject;
			attributes = {
				LastSwiftMigration = 0700;
				LastSwiftUpdateCheck = 0700;
				LastUpgradeCheck = 0620;
				ORGANIZATIONNAME = "Kev Washington";
				TargetAttributes = {
					CB0F1A0C1BA9B9AC0072406A = {
						CreatedOnToolsVersion = 6.2;
					};
					CB0F1A211BA9B9AC0072406A = {
						CreatedOnToolsVersion = 6.2;
						TestTargetID = CB0F1A0C1BA9B9AC0072406A;
					};
				};
			};
			buildConfigurationList = CB0F1A081BA9B9AC0072406A /* Build configuration list for PBXProject "largestProductInASeries" */;
			compatibilityVersion = "Xcode 3.2";
			developmentRegion = English;
			hasScannedForEncodings = 0;
			knownRegions = (
				en,
				Base,
			);
			mainGroup = CB0F1A041BA9B9AC0072406A;
			productRefGroup = CB0F1A0E1BA9B9AC0072406A /* Products */;
			projectDirPath = "";
			projectRoot = "";
			targets = (
				CB0F1A0C1BA9B9AC0072406A /* largestProductInASeries */,
				CB0F1A211BA9B9AC0072406A /* largestProductInASeriesTests */,
			);
		};
/* End PBXProject section */

/* Begin PBXResourcesBuildPhase section */
		CB0F1A0B1BA9B9AC0072406A /* Resources */ = {
			isa = PBXResourcesBuildPhase;
			buildActionMask = 2147483647;
			files = (
				CB0F1A181BA9B9AC0072406A /* Main.storyboard in Resources */,
				CB0F1A1D1BA9B9AC0072406A /* LaunchScreen.xib in Resources */,
				CB0F1A1A1BA9B9AC0072406A /* Images.xcassets in Resources */,
			);
			runOnlyForDeploymentPostprocessing = 0;
		};
		CB0F1A201BA9B9AC0072406A /* Resources */ = {
			isa = PBXResourcesBuildPhase;
			buildActionMask = 2147483647;
			files = (
			);
			runOnlyForDeploymentPostprocessing = 0;
		};
/* End PBXResourcesBuildPhase section */

/* Begin PBXSourcesBuildPhase section */
		CB0F1A091BA9B9AC0072406A /* Sources */ = {
			isa = PBXSourcesBuildPhase;
			buildActionMask = 2147483647;
			files = (
				CB0F1A151BA9B9AC0072406A /* ViewController.swift in Sources */,
				CB0F1A331BA9BB5A0072406A /* Algorithm.swift in Sources */,
				CB0F1A131BA9B9AC0072406A /* AppDelegate.swift in Sources */,
			);
			runOnlyForDeploymentPostprocessing = 0;
		};
		CB0F1A1E1BA9B9AC0072406A /* Sources */ = {
			isa = PBXSourcesBuildPhase;
			buildActionMask = 2147483647;
			files = (
				CB0F1A291BA9B9AC0072406A /* largestProductInASeriesTests.swift in Sources */,
				CB7C09891BA9C084000CFF0B /* Algorithm.swift in Sources */,
				CB0F1A381BA9BEDE0072406A /* AlgorithmTest.swift in Sources */,
			);
			runOnlyForDeploymentPostprocessing = 0;
		};
/* End PBXSourcesBuildPhase section */

/* Begin PBXTargetDependency section */
		CB0F1A241BA9B9AC0072406A /* PBXTargetDependency */ = {
			isa = PBXTargetDependency;
			target = CB0F1A0C1BA9B9AC0072406A /* largestProductInASeries */;
			targetProxy = CB0F1A231BA9B9AC0072406A /* PBXContainerItemProxy */;
		};
/* End PBXTargetDependency section */

/* Begin PBXVariantGroup section */
		CB0F1A161BA9B9AC0072406A /* Main.storyboard */ = {
			isa = PBXVariantGroup;
			children = (
				CB0F1A171BA9B9AC0072406A /* Base */,
			);
			name = Main.storyboard;
			sourceTree = "<group>";
		};
		CB0F1A1B1BA9B9AC0072406A /* LaunchScreen.xib */ = {
			isa = PBXVariantGroup;
			children = (
				CB0F1A1C1BA9B9AC0072406A /* Base */,
			);
			name = LaunchScreen.xib;
			sourceTree = "<group>";
		};
/* End PBXVariantGroup section */

/* Begin XCBuildConfiguration section */
		CB0F1A2A1BA9B9AC0072406A /* Debug */ = {
			isa = XCBuildConfiguration;
			buildSettings = {
				ALWAYS_SEARCH_USER_PATHS = NO;
				CLANG_CXX_LANGUAGE_STANDARD = "gnu++0x";
				CLANG_CXX_LIBRARY = "libc++";
				CLANG_ENABLE_MODULES = YES;
				CLANG_ENABLE_OBJC_ARC = YES;
				CLANG_WARN_BOOL_CONVERSION = YES;
				CLANG_WARN_CONSTANT_CONVERSION = YES;
				CLANG_WARN_DIRECT_OBJC_ISA_USAGE = YES_ERROR;
				CLANG_WARN_EMPTY_BODY = YES;
				CLANG_WARN_ENUM_CONVERSION = YES;
				CLANG_WARN_INT_CONVERSION = YES;
				CLANG_WARN_OBJC_ROOT_CLASS = YES_ERROR;
				CLANG_WARN_UNREACHABLE_CODE = YES;
				CLANG_WARN__DUPLICATE_METHOD_MATCH = YES;
				"CODE_SIGN_IDENTITY[sdk=iphoneos*]" = "iPhone Developer";
				COPY_PHASE_STRIP = NO;
				ENABLE_STRICT_OBJC_MSGSEND = YES;
				GCC_C_LANGUAGE_STANDARD = gnu99;
				GCC_DYNAMIC_NO_PIC = NO;
				GCC_OPTIMIZATION_LEVEL = 0;
				GCC_PREPROCESSOR_DEFINITIONS = (
					"DEBUG=1",
					"$(inherited)",
				);
				GCC_SYMBOLS_PRIVATE_EXTERN = NO;
				GCC_WARN_64_TO_32_BIT_CONVERSION = YES;
				GCC_WARN_ABOUT_RETURN_TYPE = YES_ERROR;
				GCC_WARN_UNDECLARED_SELECTOR = YES;
				GCC_WARN_UNINITIALIZED_AUTOS = YES_AGGRESSIVE;
				GCC_WARN_UNUSED_FUNCTION = YES;
				GCC_WARN_UNUSED_VARIABLE = YES;
				IPHONEOS_DEPLOYMENT_TARGET = 8.2;
				MTL_ENABLE_DEBUG_INFO = YES;
				ONLY_ACTIVE_ARCH = YES;
				SDKROOT = iphoneos;
				SWIFT_OPTIMIZATION_LEVEL = "-Onone";
				TARGETED_DEVICE_FAMILY = "1,2";
			};
			name = Debug;
		};
		CB0F1A2B1BA9B9AC0072406A /* Release */ = {
			isa = XCBuildConfiguration;
			buildSettings = {
				ALWAYS_SEARCH_USER_PATHS = NO;
				CLANG_CXX_LANGUAGE_STANDARD = "gnu++0x";
				CLANG_CXX_LIBRARY = "libc++";
				CLANG_ENABLE_MODULES = YES;
				CLANG_ENABLE_OBJC_ARC = YES;
				CLANG_WARN_BOOL_CONVERSION = YES;
				CLANG_WARN_CONSTANT_CONVERSION = YES;
				CLANG_WARN_DIRECT_OBJC_ISA_USAGE = YES_ERROR;
				CLANG_WARN_EMPTY_BODY = YES;
				CLANG_WARN_ENUM_CONVERSION = YES;
				CLANG_WARN_INT_CONVERSION = YES;
				CLANG_WARN_OBJC_ROOT_CLASS = YES_ERROR;
				CLANG_WARN_UNREACHABLE_CODE = YES;
				CLANG_WARN__DUPLICATE_METHOD_MATCH = YES;
				"CODE_SIGN_IDENTITY[sdk=iphoneos*]" = "iPhone Developer";
				COPY_PHASE_STRIP = NO;
				ENABLE_NS_ASSERTIONS = NO;
				ENABLE_STRICT_OBJC_MSGSEND = YES;
				GCC_C_LANGUAGE_STANDARD = gnu99;
				GCC_WARN_64_TO_32_BIT_CONVERSION = YES;
				GCC_WARN_ABOUT_RETURN_TYPE = YES_ERROR;
				GCC_WARN_UNDECLARED_SELECTOR = YES;
				GCC_WARN_UNINITIALIZED_AUTOS = YES_AGGRESSIVE;
				GCC_WARN_UNUSED_FUNCTION = YES;
				GCC_WARN_UNUSED_VARIABLE = YES;
				IPHONEOS_DEPLOYMENT_TARGET = 8.2;
				MTL_ENABLE_DEBUG_INFO = NO;
				SDKROOT = iphoneos;
				TARGETED_DEVICE_FAMILY = "1,2";
				VALIDATE_PRODUCT = YES;
			};
			name = Release;
		};
		CB0F1A2D1BA9B9AC0072406A /* Debug */ = {
			isa = XCBuildConfiguration;
			buildSettings = {
				ASSETCATALOG_COMPILER_APPICON_NAME = AppIcon;
				INFOPLIST_FILE = largestProductInASeries/Info.plist;
				LD_RUNPATH_SEARCH_PATHS = "$(inherited) @executable_path/Frameworks";
				PRODUCT_NAME = "$(TARGET_NAME)";
			};
			name = Debug;
		};
		CB0F1A2E1BA9B9AC0072406A /* Release */ = {
			isa = XCBuildConfiguration;
			buildSettings = {
				ASSETCATALOG_COMPILER_APPICON_NAME = AppIcon;
				INFOPLIST_FILE = largestProductInASeries/Info.plist;
				LD_RUNPATH_SEARCH_PATHS = "$(inherited) @executable_path/Frameworks";
				PRODUCT_NAME = "$(TARGET_NAME)";
			};
			name = Release;
		};
		CB0F1A301BA9B9AC0072406A /* Debug */ = {
			isa = XCBuildConfiguration;
			buildSettings = {
				BUNDLE_LOADER = "$(TEST_HOST)";
				FRAMEWORK_SEARCH_PATHS = (
					"$(SDKROOT)/Developer/Library/Frameworks",
					"$(inherited)",
				);
				GCC_PREPROCESSOR_DEFINITIONS = (
					"DEBUG=1",
					"$(inherited)",
				);
				INFOPLIST_FILE = largestProductInASeriesTests/Info.plist;
				LD_RUNPATH_SEARCH_PATHS = "$(inherited) @executable_path/Frameworks @loader_path/Frameworks";
				PRODUCT_NAME = "$(TARGET_NAME)";
				TEST_HOST = "$(BUILT_PRODUCTS_DIR)/largestProductInASeries.app/largestProductInASeries";
			};
			name = Debug;
		};
		CB0F1A311BA9B9AC0072406A /* Release */ = {
			isa = XCBuildConfiguration;
			buildSettings = {
				BUNDLE_LOADER = "$(TEST_HOST)";
				FRAMEWORK_SEARCH_PATHS = (
					"$(SDKROOT)/Developer/Library/Frameworks",
					"$(inherited)",
				);
				INFOPLIST_FILE = largestProductInASeriesTests/Info.plist;
				LD_RUNPATH_SEARCH_PATHS = "$(inherited) @executable_path/Frameworks @loader_path/Frameworks";
				PRODUCT_NAME = "$(TARGET_NAME)";
				TEST_HOST = "$(BUILT_PRODUCTS_DIR)/largestProductInASeries.app/largestProductInASeries";
			};
			name = Release;
		};
/* End XCBuildConfiguration section */

/* Begin XCConfigurationList section */
		CB0F1A081BA9B9AC0072406A /* Build configuration list for PBXProject "largestProductInASeries" */ = {
			isa = XCConfigurationList;
			buildConfigurations = (
				CB0F1A2A1BA9B9AC0072406A /* Debug */,
				CB0F1A2B1BA9B9AC0072406A /* Release */,
			);
			defaultConfigurationIsVisible = 0;
			defaultConfigurationName = Release;
		};
		CB0F1A2C1BA9B9AC0072406A /* Build configuration list for PBXNativeTarget "largestProductInASeries" */ = {
			isa = XCConfigurationList;
			buildConfigurations = (
				CB0F1A2D1BA9B9AC0072406A /* Debug */,
				CB0F1A2E1BA9B9AC0072406A /* Release */,
			);
			defaultConfigurationIsVisible = 0;
			defaultConfigurationName = Release;
		};
		CB0F1A2F1BA9B9AC0072406A /* Build configuration list for PBXNativeTarget "largestProductInASeriesTests" */ = {
			isa = XCConfigurationList;
			buildConfigurations = (
				CB0F1A301BA9B9AC0072406A /* Debug */,
				CB0F1A311BA9B9AC0072406A /* Release */,
			);
			defaultConfigurationIsVisible = 0;
			defaultConfigurationName = Release;
		};
/* End XCConfigurationList section */
	};
	rootObject = CB0F1A051BA9B9AC0072406A /* Project object */;
}
